
Microsoft Visual Studio Solution File, Format Version 12.00
# Visual Studio Version 17
VisualStudioVersion = 17.0.31903.59
MinimumVisualStudioVersion = 10.0.40219.1
Project("{FAE04EC0-301F-11D3-BF4B-00C04F79EFBC}") = "PECOFF", "PECOFF\PECOFF.csproj", "{5BB6C881-6913-49BD-A8FA-A42513414F61}"
EndProject
Project("{FAE04EC0-301F-11D3-BF4B-00C04F79EFBC}") = "PE-Inspector", "PE-Inspector\PE-Inspector.csproj", "{58F7F324-9DF6-4139-BE2F-90386C36445A}"
EndProject
Project("{FAE04EC0-301F-11D3-BF4B-00C04F79EFBC}") = "PECOFF.Tests", "PECOFF.Tests\PECOFF.Tests.csproj", "{4AFEA190-EC7A-4101-B297-D53E5D597E96}"
EndProject
Project("{FAE04EC0-301F-11D3-BF4B-00C04F79EFBC}") = "PE-FileInspector", "PE-FileInspector\PE-FileInspector.csproj", "{EB42A3FE-898D-475A-9008-D1A6A09CEAD3}"
EndProject
Project("{2150E333-8FDC-42A3-9474-1A3956D46DE8}") = "tools", "tools", "{07C2787E-EAC7-C090-1BA3-A61EC2A24D84}"
EndProject
Project("{FAE04EC0-301F-11D3-BF4B-00C04F79EFBC}") = "SnapshotGenerator", "tools\SnapshotGenerator\SnapshotGenerator.csproj", "{A8B30392-58BE-4CFD-B161-B5CC387A8A79}"
EndProject
Global
	GlobalSection(SolutionConfigurationPlatforms) = preSolution
		Debug|Any CPU = Debug|Any CPU
		Debug|x64 = Debug|x64
		Debug|x86 = Debug|x86
		Release|Any CPU = Release|Any CPU
		Release|x64 = Release|x64
		Release|x86 = Release|x86
	EndGlobalSection
	GlobalSection(ProjectConfigurationPlatforms) = postSolution
		{5BB6C881-6913-49BD-A8FA-A42513414F61}.Debug|Any CPU.ActiveCfg = Debug|Any CPU
		{5BB6C881-6913-49BD-A8FA-A42513414F61}.Debug|Any CPU.Build.0 = Debug|Any CPU
		{5BB6C881-6913-49BD-A8FA-A42513414F61}.Debug|x64.ActiveCfg = Debug|Any CPU
		{5BB6C881-6913-49BD-A8FA-A42513414F61}.Debug|x64.Build.0 = Debug|Any CPU
		{5BB6C881-6913-49BD-A8FA-A42513414F61}.Debug|x86.ActiveCfg = Debug|Any CPU
		{5BB6C881-6913-49BD-A8FA-A42513414F61}.Debug|x86.Build.0 = Debug|Any CPU
		{5BB6C881-6913-49BD-A8FA-A42513414F61}.Release|Any CPU.ActiveCfg = Release|Any CPU
		{5BB6C881-6913-49BD-A8FA-A42513414F61}.Release|Any CPU.Build.0 = Release|Any CPU
		{5BB6C881-6913-49BD-A8FA-A42513414F61}.Release|x64.ActiveCfg = Release|Any CPU
		{5BB6C881-6913-49BD-A8FA-A42513414F61}.Release|x64.Build.0 = Release|Any CPU
		{5BB6C881-6913-49BD-A8FA-A42513414F61}.Release|x86.ActiveCfg = Release|Any CPU
		{5BB6C881-6913-49BD-A8FA-A42513414F61}.Release|x86.Build.0 = Release|Any CPU
		{58F7F324-9DF6-4139-BE2F-90386C36445A}.Debug|Any CPU.ActiveCfg = Debug|Any CPU
		{58F7F324-9DF6-4139-BE2F-90386C36445A}.Debug|Any CPU.Build.0 = Debug|Any CPU
		{58F7F324-9DF6-4139-BE2F-90386C36445A}.Debug|x64.ActiveCfg = Debug|Any CPU
		{58F7F324-9DF6-4139-BE2F-90386C36445A}.Debug|x64.Build.0 = Debug|Any CPU
		{58F7F324-9DF6-4139-BE2F-90386C36445A}.Debug|x86.ActiveCfg = Debug|Any CPU
		{58F7F324-9DF6-4139-BE2F-90386C36445A}.Debug|x86.Build.0 = Debug|Any CPU
		{58F7F324-9DF6-4139-BE2F-90386C36445A}.Release|Any CPU.ActiveCfg = Release|Any CPU
		{58F7F324-9DF6-4139-BE2F-90386C36445A}.Release|Any CPU.Build.0 = Release|Any CPU
		{58F7F324-9DF6-4139-BE2F-90386C36445A}.Release|x64.ActiveCfg = Release|Any CPU
		{58F7F324-9DF6-4139-BE2F-90386C36445A}.Release|x64.Build.0 = Release|Any CPU
		{58F7F324-9DF6-4139-BE2F-90386C36445A}.Release|x86.ActiveCfg = Release|Any CPU
		{58F7F324-9DF6-4139-BE2F-90386C36445A}.Release|x86.Build.0 = Release|Any CPU
		{4AFEA190-EC7A-4101-B297-D53E5D597E96}.Debug|Any CPU.ActiveCfg = Debug|Any CPU
		{4AFEA190-EC7A-4101-B297-D53E5D597E96}.Debug|Any CPU.Build.0 = Debug|Any CPU
		{4AFEA190-EC7A-4101-B297-D53E5D597E96}.Debug|x64.ActiveCfg = Debug|Any CPU
		{4AFEA190-EC7A-4101-B297-D53E5D597E96}.Debug|x64.Build.0 = Debug|Any CPU
		{4AFEA190-EC7A-4101-B297-D53E5D597E96}.Debug|x86.ActiveCfg = Debug|Any CPU
		{4AFEA190-EC7A-4101-B297-D53E5D597E96}.Debug|x86.Build.0 = Debug|Any CPU
		{4AFEA190-EC7A-4101-B297-D53E5D597E96}.Release|Any CPU.ActiveCfg = Release|Any CPU
		{4AFEA190-EC7A-4101-B297-D53E5D597E96}.Release|Any CPU.Build.0 = Release|Any CPU
		{4AFEA190-EC7A-4101-B297-D53E5D597E96}.Release|x64.ActiveCfg = Release|Any CPU
		{4AFEA190-EC7A-4101-B297-D53E5D597E96}.Release|x64.Build.0 = Release|Any CPU
		{4AFEA190-EC7A-4101-B297-D53E5D597E96}.Release|x86.ActiveCfg = Release|Any CPU
		{4AFEA190-EC7A-4101-B297-D53E5D597E96}.Release|x86.Build.0 = Release|Any CPU
		{EB42A3FE-898D-475A-9008-D1A6A09CEAD3}.Debug|Any CPU.ActiveCfg = Debug|Any CPU
		{EB42A3FE-898D-475A-9008-D1A6A09CEAD3}.Debug|Any CPU.Build.0 = Debug|Any CPU
		{EB42A3FE-898D-475A-9008-D1A6A09CEAD3}.Debug|x64.ActiveCfg = Debug|Any CPU
		{EB42A3FE-898D-475A-9008-D1A6A09CEAD3}.Debug|x64.Build.0 = Debug|Any CPU
		{EB42A3FE-898D-475A-9008-D1A6A09CEAD3}.Debug|x86.ActiveCfg = Debug|Any CPU
		{EB42A3FE-898D-475A-9008-D1A6A09CEAD3}.Debug|x86.Build.0 = Debug|Any CPU
		{EB42A3FE-898D-475A-9008-D1A6A09CEAD3}.Release|Any CPU.ActiveCfg = Release|Any CPU
		{EB42A3FE-898D-475A-9008-D1A6A09CEAD3}.Release|Any CPU.Build.0 = Release|Any CPU
		{EB42A3FE-898D-475A-9008-D1A6A09CEAD3}.Release|x64.ActiveCfg = Release|Any CPU
		{EB42A3FE-898D-475A-9008-D1A6A09CEAD3}.Release|x64.Build.0 = Release|Any CPU
		{EB42A3FE-898D-475A-9008-D1A6A09CEAD3}.Release|x86.ActiveCfg = Release|Any CPU
		{EB42A3FE-898D-475A-9008-D1A6A09CEAD3}.Release|x86.Build.0 = Release|Any CPU
		{A8B30392-58BE-4CFD-B161-B5CC387A8A79}.Debug|Any CPU.ActiveCfg = Debug|Any CPU
		{A8B30392-58BE-4CFD-B161-B5CC387A8A79}.Debug|Any CPU.Build.0 = Debug|Any CPU
		{A8B30392-58BE-4CFD-B161-B5CC387A8A79}.Debug|x64.ActiveCfg = Debug|Any CPU
		{A8B30392-58BE-4CFD-B161-B5CC387A8A79}.Debug|x64.Build.0 = Debug|Any CPU
		{A8B30392-58BE-4CFD-B161-B5CC387A8A79}.Debug|x86.ActiveCfg = Debug|Any CPU
		{A8B30392-58BE-4CFD-B161-B5CC387A8A79}.Debug|x86.Build.0 = Debug|Any CPU
		{A8B30392-58BE-4CFD-B161-B5CC387A8A79}.Release|Any CPU.ActiveCfg = Release|Any CPU
		{A8B30392-58BE-4CFD-B161-B5CC387A8A79}.Release|Any CPU.Build.0 = Release|Any CPU
		{A8B30392-58BE-4CFD-B161-B5CC387A8A79}.Release|x64.ActiveCfg = Release|Any CPU
		{A8B30392-58BE-4CFD-B161-B5CC387A8A79}.Release|x64.Build.0 = Release|Any CPU
		{A8B30392-58BE-4CFD-B161-B5CC387A8A79}.Release|x86.ActiveCfg = Release|Any CPU
		{A8B30392-58BE-4CFD-B161-B5CC387A8A79}.Release|x86.Build.0 = Release|Any CPU
	EndGlobalSection
	GlobalSection(SolutionProperties) = preSolution
		HideSolutionNode = FALSE
	EndGlobalSection
	GlobalSection(NestedProjects) = preSolution
		{A8B30392-58BE-4CFD-B161-B5CC387A8A79} = {07C2787E-EAC7-C090-1BA3-A61EC2A24D84}
	EndGlobalSection
EndGlobal
